
Microsoft Visual Studio Solution File, Format Version 12.00
# Visual Studio Version 17
VisualStudioVersion = 17.0.31903.59
MinimumVisualStudioVersion = 10.0.40219.1
Project("{FAE04EC0-301F-11D3-BF4B-00C04F79EFBC}") = "DbFirstProjectMySql.Domain", "DbFirstProjectMySql.Domain\DbFirstProjectMySql.Domain.csproj", "{E845DC57-3A9A-4973-947D-CDAC5192329A}"
EndProject
Project("{FAE04EC0-301F-11D3-BF4B-00C04F79EFBC}") = "DbFirstProjectMySql.Infrastructure", "DbFirstProjectMySql.Infrastructure\DbFirstProjectMySql.Infrastructure.csproj", "{FE2E9DD8-A6B9-4DBA-93D7-F03F7191C023}"
EndProject
Project("{FAE04EC0-301F-11D3-BF4B-00C04F79EFBC}") = "DbFirstProjectMySql.Application", "DbFirstProjectMySql.Application\DbFirstProjectMySql.Application.csproj", "{DA44480D-2F84-4C4B-A1CB-BBB8945883C7}"
EndProject
Project("{FAE04EC0-301F-11D3-BF4B-00C04F79EFBC}") = "DbFirstProjectMySql.API", "DbFirstProjectMySql.API\DbFirstProjectMySql.API.csproj", "{E988CEA5-1E17-4F28-9869-E5F426306943}"
EndProject
Global
	GlobalSection(SolutionConfigurationPlatforms) = preSolution
		Debug|Any CPU = Debug|Any CPU
		Debug|x64 = Debug|x64
		Debug|x86 = Debug|x86
		Release|Any CPU = Release|Any CPU
		Release|x64 = Release|x64
		Release|x86 = Release|x86
	EndGlobalSection
	GlobalSection(ProjectConfigurationPlatforms) = postSolution
		{E845DC57-3A9A-4973-947D-CDAC5192329A}.Debug|Any CPU.ActiveCfg = Debug|Any CPU
		{E845DC57-3A9A-4973-947D-CDAC5192329A}.Debug|Any CPU.Build.0 = Debug|Any CPU
		{E845DC57-3A9A-4973-947D-CDAC5192329A}.Debug|x64.ActiveCfg = Debug|Any CPU
		{E845DC57-3A9A-4973-947D-CDAC5192329A}.Debug|x64.Build.0 = Debug|Any CPU
		{E845DC57-3A9A-4973-947D-CDAC5192329A}.Debug|x86.ActiveCfg = Debug|Any CPU
		{E845DC57-3A9A-4973-947D-CDAC5192329A}.Debug|x86.Build.0 = Debug|Any CPU
		{E845DC57-3A9A-4973-947D-CDAC5192329A}.Release|Any CPU.ActiveCfg = Release|Any CPU
		{E845DC57-3A9A-4973-947D-CDAC5192329A}.Release|Any CPU.Build.0 = Release|Any CPU
		{E845DC57-3A9A-4973-947D-CDAC5192329A}.Release|x64.ActiveCfg = Release|Any CPU
		{E845DC57-3A9A-4973-947D-CDAC5192329A}.Release|x64.Build.0 = Release|Any CPU
		{E845DC57-3A9A-4973-947D-CDAC5192329A}.Release|x86.ActiveCfg = Release|Any CPU
		{E845DC57-3A9A-4973-947D-CDAC5192329A}.Release|x86.Build.0 = Release|Any CPU
		{FE2E9DD8-A6B9-4DBA-93D7-F03F7191C023}.Debug|Any CPU.ActiveCfg = Debug|Any CPU
		{FE2E9DD8-A6B9-4DBA-93D7-F03F7191C023}.Debug|Any CPU.Build.0 = Debug|Any CPU
		{FE2E9DD8-A6B9-4DBA-93D7-F03F7191C023}.Debug|x64.ActiveCfg = Debug|Any CPU
		{FE2E9DD8-A6B9-4DBA-93D7-F03F7191C023}.Debug|x64.Build.0 = Debug|Any CPU
		{FE2E9DD8-A6B9-4DBA-93D7-F03F7191C023}.Debug|x86.ActiveCfg = Debug|Any CPU
		{FE2E9DD8-A6B9-4DBA-93D7-F03F7191C023}.Debug|x86.Build.0 = Debug|Any CPU
		{FE2E9DD8-A6B9-4DBA-93D7-F03F7191C023}.Release|Any CPU.ActiveCfg = Release|Any CPU
		{FE2E9DD8-A6B9-4DBA-93D7-F03F7191C023}.Release|Any CPU.Build.0 = Release|Any CPU
		{FE2E9DD8-A6B9-4DBA-93D7-F03F7191C023}.Release|x64.ActiveCfg = Release|Any CPU
		{FE2E9DD8-A6B9-4DBA-93D7-F03F7191C023}.Release|x64.Build.0 = Release|Any CPU
		{FE2E9DD8-A6B9-4DBA-93D7-F03F7191C023}.Release|x86.ActiveCfg = Release|Any CPU
		{FE2E9DD8-A6B9-4DBA-93D7-F03F7191C023}.Release|x86.Build.0 = Release|Any CPU
		{DA44480D-2F84-4C4B-A1CB-BBB8945883C7}.Debug|Any CPU.ActiveCfg = Debug|Any CPU
		{DA44480D-2F84-4C4B-A1CB-BBB8945883C7}.Debug|Any CPU.Build.0 = Debug|Any CPU
		{DA44480D-2F84-4C4B-A1CB-BBB8945883C7}.Debug|x64.ActiveCfg = Debug|Any CPU
		{DA44480D-2F84-4C4B-A1CB-BBB8945883C7}.Debug|x64.Build.0 = Debug|Any CPU
		{DA44480D-2F84-4C4B-A1CB-BBB8945883C7}.Debug|x86.ActiveCfg = Debug|Any CPU
		{DA44480D-2F84-4C4B-A1CB-BBB8945883C7}.Debug|x86.Build.0 = Debug|Any CPU
		{DA44480D-2F84-4C4B-A1CB-BBB8945883C7}.Release|Any CPU.ActiveCfg = Release|Any CPU
		{DA44480D-2F84-4C4B-A1CB-BBB8945883C7}.Release|Any CPU.Build.0 = Release|Any CPU
		{DA44480D-2F84-4C4B-A1CB-BBB8945883C7}.Release|x64.ActiveCfg = Release|Any CPU
		{DA44480D-2F84-4C4B-A1CB-BBB8945883C7}.Release|x64.Build.0 = Release|Any CPU
		{DA44480D-2F84-4C4B-A1CB-BBB8945883C7}.Release|x86.ActiveCfg = Release|Any CPU
		{DA44480D-2F84-4C4B-A1CB-BBB8945883C7}.Release|x86.Build.0 = Release|Any CPU
		{E988CEA5-1E17-4F28-9869-E5F426306943}.Debug|Any CPU.ActiveCfg = Debug|Any CPU
		{E988CEA5-1E17-4F28-9869-E5F426306943}.Debug|Any CPU.Build.0 = Debug|Any CPU
		{E988CEA5-1E17-4F28-9869-E5F426306943}.Debug|x64.ActiveCfg = Debug|Any CPU
		{E988CEA5-1E17-4F28-9869-E5F426306943}.Debug|x64.Build.0 = Debug|Any CPU
		{E988CEA5-1E17-4F28-9869-E5F426306943}.Debug|x86.ActiveCfg = Debug|Any CPU
		{E988CEA5-1E17-4F28-9869-E5F426306943}.Debug|x86.Build.0 = Debug|Any CPU
		{E988CEA5-1E17-4F28-9869-E5F426306943}.Release|Any CPU.ActiveCfg = Release|Any CPU
		{E988CEA5-1E17-4F28-9869-E5F426306943}.Release|Any CPU.Build.0 = Release|Any CPU
		{E988CEA5-1E17-4F28-9869-E5F426306943}.Release|x64.ActiveCfg = Release|Any CPU
		{E988CEA5-1E17-4F28-9869-E5F426306943}.Release|x64.Build.0 = Release|Any CPU
		{E988CEA5-1E17-4F28-9869-E5F426306943}.Release|x86.ActiveCfg = Release|Any CPU
		{E988CEA5-1E17-4F28-9869-E5F426306943}.Release|x86.Build.0 = Release|Any CPU
	EndGlobalSection
	GlobalSection(SolutionProperties) = preSolution
		HideSolutionNode = FALSE
	EndGlobalSection
	GlobalSection(ExtensibilityGlobals) = postSolution
		SolutionGuid = {17B7F225-6A32-46D6-A5B0-AB4879FF6074}
	EndGlobalSection
EndGlobal
